Microsoft Visual Studio Solution File, Format Version 12.00
# Visual Studio Version 17
VisualStudioVersion = 17.5.2.0
MinimumVisualStudioVersion = 10.0.40219.1
Project("{FAE04EC0-301F-11D3-BF4B-00C04F79EFBC}") = "MyApp.Api", "MyApp.Api\MyApp.Api.csproj", "{DE2238CF-4108-81CB-5EC0-9FBA3169C9AB}"
EndProject
Global
	GlobalSection(SolutionConfigurationPlatforms) = preSolution
		Debug|Any CPU = Debug|Any CPU
		Release|Any CPU = Release|Any CPU
	EndGlobalSection
	GlobalSection(ProjectConfigurationPlatforms) = postSolution
		{DE2238CF-4108-81CB-5EC0-9FBA3169C9AB}.Debug|Any CPU.ActiveCfg = Debug|Any CPU
		{DE2238CF-4108-81CB-5EC0-9FBA3169C9AB}.Debug|Any CPU.Build.0 = Debug|Any CPU
		{DE2238CF-4108-81CB-5EC0-9FBA3169C9AB}.Release|Any CPU.ActiveCfg = Release|Any CPU
		{DE2238CF-4108-81CB-5EC0-9FBA3169C9AB}.Release|Any CPU.Build.0 = Release|Any CPU
	EndGlobalSection
	GlobalSection(SolutionProperties) = preSolution
		HideSolutionNode = FALSE
	EndGlobalSection
	GlobalSection(ExtensibilityGlobals) = postSolution
		SolutionGuid = {8C2CD8E0-1873-451C-91E9-91988906A3C2}
	EndGlobalSection
EndGlobal
